
Microsoft Visual Studio Solution File, Format Version 12.00
# Visual Studio Version 17
VisualStudioVersion = 17.8.34322.80
MinimumVisualStudioVersion = 10.0.40219.1
Project("{FAE04EC0-301F-11D3-BF4B-00C04F79EFBC}") = "AppNumeroDaSorte", "AppNumeroDaSorte\AppNumeroDaSorte.csproj", "{3F333683-85C7-4E32-BE95-7FBD91F3875B}"
EndProject
Project("{2150E333-8FDC-42A3-9474-1A3956D46DE8}") = "App 01", "App 01", "{5C2F84A5-0FFE-488D-9C43-F247D0F6A913}"
EndProject
Global
	GlobalSection(SolutionConfigurationPlatforms) = preSolution
		Debug|Any CPU = Debug|Any CPU
		Release|Any CPU = Release|Any CPU
	EndGlobalSection
	GlobalSection(ProjectConfigurationPlatforms) = postSolution
		{3F333683-85C7-4E32-BE95-7FBD91F3875B}.Debug|Any CPU.ActiveCfg = Debug|Any CPU
		{3F333683-85C7-4E32-BE95-7FBD91F3875B}.Debug|Any CPU.Build.0 = Debug|Any CPU
		{3F333683-85C7-4E32-BE95-7FBD91F3875B}.Debug|Any CPU.Deploy.0 = Debug|Any CPU
		{3F333683-85C7-4E32-BE95-7FBD91F3875B}.Release|Any CPU.ActiveCfg = Release|Any CPU
		{3F333683-85C7-4E32-BE95-7FBD91F3875B}.Release|Any CPU.Build.0 = Release|Any CPU
		{3F333683-85C7-4E32-BE95-7FBD91F3875B}.Release|Any CPU.Deploy.0 = Release|Any CPU
	EndGlobalSection
	GlobalSection(SolutionProperties) = preSolution
		HideSolutionNode = FALSE
	EndGlobalSection
	GlobalSection(ExtensibilityGlobals) = postSolution
		SolutionGuid = {CB5192CA-2525-455D-92EF-B2B2A3946257}
	EndGlobalSection
EndGlobal
